
Microsoft Visual Studio Solution File, Format Version 12.00
# Visual Studio Version 17
VisualStudioVersion = 17.7.34024.191
MinimumVisualStudioVersion = 10.0.40219.1
Project("{8BC9CEB8-8B4A-11D0-8D11-00A0C91BC942}") = "Kanonicheski_vid(smej)", "Kanonicheski_vid(smej)\Kanonicheski_vid(smej).vcxproj", "{71DA9BED-F958-4324-81B1-CB9326A10C8C}"
EndProject
Global
	GlobalSection(SolutionConfigurationPlatforms) = preSolution
		Debug|x64 = Debug|x64
		Debug|x86 = Debug|x86
		Release|x64 = Release|x64
		Release|x86 = Release|x86
	EndGlobalSection
	GlobalSection(ProjectConfigurationPlatforms) = postSolution
		{71DA9BED-F958-4324-81B1-CB9326A10C8C}.Debug|x64.ActiveCfg = Debug|x64
		{71DA9BED-F958-4324-81B1-CB9326A10C8C}.Debug|x64.Build.0 = Debug|x64
		{71DA9BED-F958-4324-81B1-CB9326A10C8C}.Debug|x86.ActiveCfg = Debug|Win32
		{71DA9BED-F958-4324-81B1-CB9326A10C8C}.Debug|x86.Build.0 = Debug|Win32
		{71DA9BED-F958-4324-81B1-CB9326A10C8C}.Release|x64.ActiveCfg = Release|x64
		{71DA9BED-F958-4324-81B1-CB9326A10C8C}.Release|x64.Build.0 = Release|x64
		{71DA9BED-F958-4324-81B1-CB9326A10C8C}.Release|x86.ActiveCfg = Release|Win32
		{71DA9BED-F958-4324-81B1-CB9326A10C8C}.Release|x86.Build.0 = Release|Win32
	EndGlobalSection
	GlobalSection(SolutionProperties) = preSolution
		HideSolutionNode = FALSE
	EndGlobalSection
	GlobalSection(ExtensibilityGlobals) = postSolution
		SolutionGuid = {BCC61045-2441-495B-8C93-A9B7AF06662D}
	EndGlobalSection
EndGlobal
